// !$*UTF8*$!
{
	archiveVersion = 1;
	classes = {
	};
	objectVersion = 46;
	objects = {

/* Begin PBXBuildFile section */
		3F365A201BE9E5890021E98C /* AppDelegate.swift in Sources */ = {isa = PBXBuildFile; fileRef = 3F365A1F1BE9E5890021E98C /* AppDelegate.swift */; };
		3F365A221BE9E5890021E98C /* ViewController.swift in Sources */ = {isa = PBXBuildFile; fileRef = 3F365A211BE9E5890021E98C /* ViewController.swift */; };
		3F365A251BE9E5890021E98C /* Main.storyboard in Resources */ = {isa = PBXBuildFile; fileRef = 3F365A231BE9E5890021E98C /* Main.storyboard */; };
		3F365A271BE9E5890021E98C /* Assets.xcassets in Resources */ = {isa = PBXBuildFile; fileRef = 3F365A261BE9E5890021E98C /* Assets.xcassets */; };
		3F365A2A1BE9E5890021E98C /* LaunchScreen.storyboard in Resources */ = {isa = PBXBuildFile; fileRef = 3F365A281BE9E5890021E98C /* LaunchScreen.storyboard */; };
		3F365A351BE9E5890021E98C /* CalculatorTests.swift in Sources */ = {isa = PBXBuildFile; fileRef = 3F365A341BE9E5890021E98C /* CalculatorTests.swift */; };
		3F365A401BE9E5890021E98C /* CalculatorUITests.swift in Sources */ = {isa = PBXBuildFile; fileRef = 3F365A3F1BE9E5890021E98C /* CalculatorUITests.swift */; };
/* End PBXBuildFile section */

/* Begin PBXContainerItemProxy section */
		3F365A311BE9E5890021E98C /* PBXContainerItemProxy */ = {
			isa = PBXContainerItemProxy;
			containerPortal = 3F365A141BE9E5890021E98C /* Project object */;
			proxyType = 1;
			remoteGlobalIDString = 3F365A1B1BE9E5890021E98C;
			remoteInfo = Calculator;
		};
		3F365A3C1BE9E5890021E98C /* PBXContainerItemProxy */ = {
			isa = PBXContainerItemProxy;
			containerPortal = 3F365A141BE9E5890021E98C /* Project object */;
			proxyType = 1;
			remoteGlobalIDString = 3F365A1B1BE9E5890021E98C;
			remoteInfo = Calculator;
		};
/* End PBXContainerItemProxy section */

/* Begin PBXFileReference section */
		3F365A1C1BE9E5890021E98C /* Calculator.app */ = {isa = PBXFileReference; explicitFileType = wrapper.application; includeInIndex = 0; path = Calculator.app; sourceTree = BUILT_PRODUCTS_DIR; };
		3F365A1F1BE9E5890021E98C /* AppDelegate.swift */ = {isa = PBXFileReference; lastKnownFileType = sourcecode.swift; path = AppDelegate.swift; sourceTree = "<group>"; };
		3F365A211BE9E5890021E98C /* ViewController.swift */ = {isa = PBXFileReference; lastKnownFileType = sourcecode.swift; path = ViewController.swift; sourceTree = "<group>"; };
		3F365A241BE9E5890021E98C /* Base */ = {isa = PBXFileReference; lastKnownFileType = file.storyboard; name = Base; path = Base.lproj/Main.storyboard; sourceTree = "<group>"; };
		3F365A261BE9E5890021E98C /* Assets.xcassets */ = {isa = PBXFileReference; lastKnownFileType = folder.assetcatalog; path = Assets.xcassets; sourceTree = "<group>"; };
		3F365A291BE9E5890021E98C /* Base */ = {isa = PBXFileReference; lastKnownFileType = file.storyboard; name = Base; path = Base.lproj/LaunchScreen.storyboard; sourceTree = "<group>"; };
		3F365A2B1BE9E5890021E98C /* Info.plist */ = {isa = PBXFileReference; lastKnownFileType = text.plist.xml; path = Info.plist; sourceTree = "<group>"; };
		3F365A301BE9E5890021E98C /* CalculatorTests.xctest */ = {isa = PBXFileReference; explicitFileType = wrapper.cfbundle; includeInIndex = 0; path = CalculatorTests.xctest; sourceTree = BUILT_PRODUCTS_DIR; };
		3F365A341BE9E5890021E98C /* CalculatorTests.swift */ = {isa = PBXFileReference; lastKnownFileType = sourcecode.swift; path = CalculatorTests.swift; sourceTree = "<group>"; };
		3F365A361BE9E5890021E98C /* Info.plist */ = {isa = PBXFileReference; lastKnownFileType = text.plist.xml; path = Info.plist; sourceTree = "<group>"; };
		3F365A3B1BE9E5890021E98C /* CalculatorUITests.xctest */ = {isa = PBXFileReference; explicitFileType = wrapper.cfbundle; includeInIndex = 0; path = CalculatorUITests.xctest; sourceTree = BUILT_PRODUCTS_DIR; };
		3F365A3F1BE9E5890021E98C /* CalculatorUITests.swift */ = {isa = PBXFileReference; lastKnownFileType = sourcecode.swift; path = CalculatorUITests.swift; sourceTree = "<group>"; };
		3F365A411BE9E5890021E98C /* Info.plist */ = {isa = PBXFileReference; lastKnownFileType = text.plist.xml; path = Info.plist; sourceTree = "<group>"; };
/* End PBXFileReference section */

/* Begin PBXFrameworksBuildPhase section */
		3F365A191BE9E5890021E98C /* Frameworks */ = {
			isa = PBXFrameworksBuildPhase;
			buildActionMask = 2147483647;
			files = (
			);
			runOnlyForDeploymentPostprocessing = 0;
		};
		3F365A2D1BE9E5890021E98C /* Frameworks */ = {
			isa = PBXFrameworksBuildPhase;
			buildActionMask = 2147483647;
			files = (
			);
			runOnlyForDeploymentPostprocessing = 0;
		};
		3F365A381BE9E5890021E98C /* Frameworks */ = {
			isa = PBXFrameworksBuildPhase;
			buildActionMask = 2147483647;
			files = (
			);
			runOnlyForDeploymentPostprocessing = 0;
		};
/* End PBXFrameworksBuildPhase section */

/* Begin PBXGroup section */
		3F365A131BE9E5890021E98C = {
			isa = PBXGroup;
			children = (
				3F365A1E1BE9E5890021E98C /* Calculator */,
				3F365A331BE9E5890021E98C /* CalculatorTests */,
				3F365A3E1BE9E5890021E98C /* CalculatorUITests */,
				3F365A1D1BE9E5890021E98C /* Products */,
			);
			sourceTree = "<group>";
		};
		3F365A1D1BE9E5890021E98C /* Products */ = {
			isa = PBXGroup;
			children = (
				3F365A1C1BE9E5890021E98C /* Calculator.app */,
				3F365A301BE9E5890021E98C /* CalculatorTests.xctest */,
				3F365A3B1BE9E5890021E98C /* CalculatorUITests.xctest */,
			);
			name = Products;
			sourceTree = "<group>";
		};
		3F365A1E1BE9E5890021E98C /* Calculator */ = {
			isa = PBXGroup;
			children = (
				3F365A1F1BE9E5890021E98C /* AppDelegate.swift */,
				3F365A211BE9E5890021E98C /* ViewController.swift */,
				3F365A231BE9E5890021E98C /* Main.storyboard */,
				3F365A261BE9E5890021E98C /* Assets.xcassets */,
				3F365A281BE9E5890021E98C /* LaunchScreen.storyboard */,
				3F365A2B1BE9E5890021E98C /* Info.plist */,
			);
			path = Calculator;
			sourceTree = "<group>";
		};
		3F365A331BE9E5890021E98C /* CalculatorTests */ = {
			isa = PBXGroup;
			children = (
				3F365A341BE9E5890021E98C /* CalculatorTests.swift */,
				3F365A361BE9E5890021E98C /* Info.plist */,
			);
			path = CalculatorTests;
			sourceTree = "<group>";
		};
		3F365A3E1BE9E5890021E98C /* CalculatorUITests */ = {
			isa = PBXGroup;
			children = (
				3F365A3F1BE9E5890021E98C /* CalculatorUITests.swift */,
				3F365A411BE9E5890021E98C /* Info.plist */,
			);
			path = CalculatorUITests;
			sourceTree = "<group>";
		};
/* End PBXGroup section */

/* Begin PBXNativeTarget section */
		3F365A1B1BE9E5890021E98C /* Calculator */ = {
			isa = PBXNativeTarget;
			buildConfigurationList = 3F365A441BE9E5890021E98C /* Build configuration list for PBXNativeTarget "Calculator" */;
			buildPhases = (
				3F365A181BE9E5890021E98C /* Sources */,
				3F365A191BE9E5890021E98C /* Frameworks */,
				3F365A1A1BE9E5890021E98C /* Resources */,
			);
			buildRules = (
			);
			dependencies = (
			);
			name = Calculator;
			productName = Calculator;
			productReference = 3F365A1C1BE9E5890021E98C /* Calculator.app */;
			productType = "com.apple.product-type.application";
		};
		3F365A2F1BE9E5890021E98C /* CalculatorTests */ = {
			isa = PBXNativeTarget;
			buildConfigurationList = 3F365A471BE9E5890021E98C /* Build configuration list for PBXNativeTarget "CalculatorTests" */;
			buildPhases = (
				3F365A2C1BE9E5890021E98C /* Sources */,
				3F365A2D1BE9E5890021E98C /* Frameworks */,
				3F365A2E1BE9E5890021E98C /* Resources */,
			);
			buildRules = (
			);
			dependencies = (
				3F365A321BE9E5890021E98C /* PBXTargetDependency */,
			);
			name = CalculatorTests;
			productName = CalculatorTests;
			productReference = 3F365A301BE9E5890021E98C /* CalculatorTests.xctest */;
			productType = "com.apple.product-type.bundle.unit-test";
		};
		3F365A3A1BE9E5890021E98C /* CalculatorUITests */ = {
			isa = PBXNativeTarget;
			buildConfigurationList = 3F365A4A1BE9E5890021E98C /* Build configuration list for PBXNativeTarget "CalculatorUITests" */;
			buildPhases = (
				3F365A371BE9E5890021E98C /* Sources */,
				3F365A381BE9E5890021E98C /* Frameworks */,
				3F365A391BE9E5890021E98C /* Resources */,
			);
			buildRules = (
			);
			dependencies = (
				3F365A3D1BE9E5890021E98C /* PBXTargetDependency */,
			);
			name = CalculatorUITests;
			productName = CalculatorUITests;
			productReference = 3F365A3B1BE9E5890021E98C /* CalculatorUITests.xctest */;
			productType = "com.apple.product-type.bundle.ui-testing";
		};
/* End PBXNativeTarget section */

/* Begin PBXProject section */
		3F365A141BE9E5890021E98C /* Project object */ = {
			isa = PBXProject;
			attributes = {
				LastSwiftUpdateCheck = 0710;
				LastUpgradeCheck = 0710;
				ORGANIZATIONNAME = "Jeremy Wang";
				TargetAttributes = {
					3F365A1B1BE9E5890021E98C = {
						CreatedOnToolsVersion = 7.1;
					};
					3F365A2F1BE9E5890021E98C = {
						CreatedOnToolsVersion = 7.1;
						TestTargetID = 3F365A1B1BE9E5890021E98C;
					};
					3F365A3A1BE9E5890021E98C = {
						CreatedOnToolsVersion = 7.1;
						TestTargetID = 3F365A1B1BE9E5890021E98C;
					};
				};
			};
			buildConfigurationList = 3F365A171BE9E5890021E98C /* Build configuration list for PBXProject "Calculator" */;
			compatibilityVersion = "Xcode 3.2";
			developmentRegion = English;
			hasScannedForEncodings = 0;
			knownRegions = (
				en,
				Base,
			);
			mainGroup = 3F365A131BE9E5890021E98C;
			productRefGroup = 3F365A1D1BE9E5890021E98C /* Products */;
			projectDirPath = "";
			projectRoot = "";
			targets = (
				3F365A1B1BE9E5890021E98C /* Calculator */,
				3F365A2F1BE9E5890021E98C /* CalculatorTests */,
				3F365A3A1BE9E5890021E98C /* CalculatorUITests */,
			);
		};
/* End PBXProject section */

/* Begin PBXResourcesBuildPhase section */
		3F365A1A1BE9E5890021E98C /* Resources */ = {
			isa = PBXResourcesBuildPhase;
			buildActionMask = 2147483647;
			files = (
				3F365A2A1BE9E5890021E98C /* LaunchScreen.storyboard in Resources */,
				3F365A271BE9E5890021E98C /* Assets.xcassets in Resources */,
				3F365A251BE9E5890021E98C /* Main.storyboard in Resources */,
			);
			runOnlyForDeploymentPostprocessing = 0;
		};
		3F365A2E1BE9E5890021E98C /* Resources */ = {
			isa = PBXResourcesBuildPhase;
			buildActionMask = 2147483647;
			files = (
			);
			runOnlyForDeploymentPostprocessing = 0;
		};
		3F365A391BE9E5890021E98C /* Resources */ = {
			isa = PBXResourcesBuildPhase;
			buildActionMask = 2147483647;
			files = (
			);
			runOnlyForDeploymentPostprocessing = 0;
		};
/* End PBXResourcesBuildPhase section */

/* Begin PBXSourcesBuildPhase section */
		3F365A181BE9E5890021E98C /* Sources */ = {
			isa = PBXSourcesBuildPhase;
			buildActionMask = 2147483647;
			files = (
				3F365A221BE9E5890021E98C /* ViewController.swift in Sources */,
				3F365A201BE9E5890021E98C /* AppDelegate.swift in Sources */,
			);
			runOnlyForDeploymentPostprocessing = 0;
		};
		3F365A2C1BE9E5890021E98C /* Sources */ = {
			isa = PBXSourcesBuildPhase;
			buildActionMask = 2147483647;
			files = (
				3F365A351BE9E5890021E98C /* CalculatorTests.swift in Sources */,
			);
			runOnlyForDeploymentPostprocessing = 0;
		};
		3F365A371BE9E5890021E98C /* Sources */ = {
			isa = PBXSourcesBuildPhase;
			buildActionMask = 2147483647;
			files = (
				3F365A401BE9E5890021E98C /* CalculatorUITests.swift in Sources */,
			);
			runOnlyForDeploymentPostprocessing = 0;
		};
/* End PBXSourcesBuildPhase section */

/* Begin PBXTargetDependency section */
		3F365A321BE9E5890021E98C /* PBXTargetDependency */ = {
			isa = PBXTargetDependency;
			target = 3F365A1B1BE9E5890021E98C /* Calculator */;
			targetProxy = 3F365A311BE9E5890021E98C /* PBXContainerItemProxy */;
		};
		3F365A3D1BE9E5890021E98C /* PBXTargetDependency */ = {
			isa = PBXTargetDependency;
			target = 3F365A1B1BE9E5890021E98C /* Calculator */;
			targetProxy = 3F365A3C1BE9E5890021E98C /* PBXContainerItemProxy */;
		};
/* End PBXTargetDependency section */

/* Begin PBXVariantGroup section */
		3F365A231BE9E5890021E98C /* Main.storyboard */ = {
			isa = PBXVariantGroup;
			children = (
				3F365A241BE9E5890021E98C /* Base */,
			);
			name = Main.storyboard;
			sourceTree = "<group>";
		};
		3F365A281BE9E5890021E98C /* LaunchScreen.storyboard */ = {
			isa = PBXVariantGroup;
			children = (
				3F365A291BE9E5890021E98C /* Base */,
			);
			name = LaunchScreen.storyboard;
			sourceTree = "<group>";
		};
/* End PBXVariantGroup section */

/* Begin XCBuildConfiguration section */
		3F365A421BE9E5890021E98C /* Debug */ = {
			isa = XCBuildConfiguration;
			buildSettings = {
				ALWAYS_SEARCH_USER_PATHS = NO;
				CLANG_CXX_LANGUAGE_STANDARD = "gnu++0x";
				CLANG_CXX_LIBRARY = "libc++";
				CLANG_ENABLE_MODULES = YES;
				CLANG_ENABLE_OBJC_ARC = YES;
				CLANG_WARN_BOOL_CONVERSION = YES;
				CLANG_WARN_CONSTANT_CONVERSION = YES;
				CLANG_WARN_DIRECT_OBJC_ISA_USAGE = YES_ERROR;
				CLANG_WARN_EMPTY_BODY = YES;
				CLANG_WARN_ENUM_CONVERSION = YES;
				CLANG_WARN_INT_CONVERSION = YES;
				CLANG_WARN_OBJC_ROOT_CLASS = YES_ERROR;
				CLANG_WARN_UNREACHABLE_CODE = YES;
				CLANG_WARN__DUPLICATE_METHOD_MATCH = YES;
				"CODE_SIGN_IDENTITY[sdk=iphoneos*]" = "iPhone Developer";
				COPY_PHASE_STRIP = NO;
				DEBUG_INFORMATION_FORMAT = dwarf;
				ENABLE_STRICT_OBJC_MSGSEND = YES;
				ENABLE_TESTABILITY = YES;
				GCC_C_LANGUAGE_STANDARD = gnu99;
				GCC_DYNAMIC_NO_PIC = NO;
				GCC_NO_COMMON_BLOCKS = YES;
				GCC_OPTIMIZATION_LEVEL = 0;
				GCC_PREPROCESSOR_DEFINITIONS = (
					"DEBUG=1",
					"$(inherited)",
				);
				GCC_WARN_64_TO_32_BIT_CONVERSION = YES;
				GCC_WARN_ABOUT_RETURN_TYPE = YES_ERROR;
				GCC_WARN_UNDECLARED_SELECTOR = YES;
				GCC_WARN_UNINITIALIZED_AUTOS = YES_AGGRESSIVE;
				GCC_WARN_UNUSED_FUNCTION = YES;
				GCC_WARN_UNUSED_VARIABLE = YES;
				IPHONEOS_DEPLOYMENT_TARGET = 9.1;
				MTL_ENABLE_DEBUG_INFO = YES;
				ONLY_ACTIVE_ARCH = YES;
				SDKROOT = iphoneos;
				SWIFT_OPTIMIZATION_LEVEL = "-Onone";
				TARGETED_DEVICE_FAMILY = "1,2";
			};
			name = Debug;
		};
		3F365A431BE9E5890021E98C /* Release */ = {
			isa = XCBuildConfiguration;
			buildSettings = {
				ALWAYS_SEARCH_USER_PATHS = NO;
				CLANG_CXX_LANGUAGE_STANDARD = "gnu++0x";
				CLANG_CXX_LIBRARY = "libc++";
				CLANG_ENABLE_MODULES = YES;
				CLANG_ENABLE_OBJC_ARC = YES;
				CLANG_WARN_BOOL_CONVERSION = YES;
				CLANG_WARN_CONSTANT_CONVERSION = YES;
				CLANG_WARN_DIRECT_OBJC_ISA_USAGE = YES_ERROR;
				CLANG_WARN_EMPTY_BODY = YES;
				CLANG_WARN_ENUM_CONVERSION = YES;
				CLANG_WARN_INT_CONVERSION = YES;
				CLANG_WARN_OBJC_ROOT_CLASS = YES_ERROR;
				CLANG_WARN_UNREACHABLE_CODE = YES;
				CLANG_WARN__DUPLICATE_METHOD_MATCH = YES;
				"CODE_SIGN_IDENTITY[sdk=iphoneos*]" = "iPhone Developer";
				COPY_PHASE_STRIP = NO;
				DEBUG_INFORMATION_FORMAT = "dwarf-with-dsym";
				ENABLE_NS_ASSERTIONS = NO;
				ENABLE_STRICT_OBJC_MSGSEND = YES;
				GCC_C_LANGUAGE_STANDARD = gnu99;
				GCC_NO_COMMON_BLOCKS = YES;
				GCC_WARN_64_TO_32_BIT_CONVERSION = YES;
				GCC_WARN_ABOUT_RETURN_TYPE = YES_ERROR;
				GCC_WARN_UNDECLARED_SELECTOR = YES;
				GCC_WARN_UNINITIALIZED_AUTOS = YES_AGGRESSIVE;
				GCC_WARN_UNUSED_FUNCTION = YES;
				GCC_WARN_UNUSED_VARIABLE = YES;
				IPHONEOS_DEPLOYMENT_TARGET = 9.1;
				MTL_ENABLE_DEBUG_INFO = NO;
				SDKROOT = iphoneos;
				TARGETED_DEVICE_FAMILY = "1,2";
				VALIDATE_PRODUCT = YES;
			};
			name = Release;
		};
		3F365A451BE9E5890021E98C /* Debug */ = {
			isa = XCBuildConfiguration;
			buildSettings = {
				ASSETCATALOG_COMPILER_APPICON_NAME = AppIcon;
				INFOPLIST_FILE = Calculator/Info.plist;
				LD_RUNPATH_SEARCH_PATHS = "$(inherited) @executable_path/Frameworks";
				PRODUCT_BUNDLE_IDENTIFIER = edu.stanford.cs193p.instructor.Calculator;
				PRODUCT_NAME = "$(TARGET_NAME)";
			};
			name = Debug;
		};
		3F365A461BE9E5890021E98C /* Release */ = {
			isa = XCBuildConfiguration;
			buildSettings = {
				ASSETCATALOG_COMPILER_APPICON_NAME = AppIcon;
				INFOPLIST_FILE = Calculator/Info.plist;
				LD_RUNPATH_SEARCH_PATHS = "$(inherited) @executable_path/Frameworks";
				PRODUCT_BUNDLE_IDENTIFIER = edu.stanford.cs193p.instructor.Calculator;
				PRODUCT_NAME = "$(TARGET_NAME)";
			};
			name = Release;
		};
		3F365A481BE9E5890021E98C /* Debug */ = {
			isa = XCBuildConfiguration;
			buildSettings = {
				BUNDLE_LOADER = "$(TEST_HOST)";
				INFOPLIST_FILE = CalculatorTests/Info.plist;
				LD_RUNPATH_SEARCH_PATHS = "$(inherited) @executable_path/Frameworks @loader_path/Frameworks";
				PRODUCT_BUNDLE_IDENTIFIER = edu.stanford.cs193p.instructor.CalculatorTests;
				PRODUCT_NAME = "$(TARGET_NAME)";
				TEST_HOST = "$(BUILT_PRODUCTS_DIR)/Calculator.app/Calculator";
			};
			name = Debug;
		};
		3F365A491BE9E5890021E98C /* Release */ = {
			isa = XCBuildConfiguration;
			buildSettings = {
				BUNDLE_LOADER = "$(TEST_HOST)";
				INFOPLIST_FILE = CalculatorTests/Info.plist;
				LD_RUNPATH_SEARCH_PATHS = "$(inherited) @executable_path/Frameworks @loader_path/Frameworks";
				PRODUCT_BUNDLE_IDENTIFIER = edu.stanford.cs193p.instructor.CalculatorTests;
				PRODUCT_NAME = "$(TARGET_NAME)";
				TEST_HOST = "$(BUILT_PRODUCTS_DIR)/Calculator.app/Calculator";
			};
			name = Release;
		};
		3F365A4B1BE9E5890021E98C /* Debug */ = {
			isa = XCBuildConfiguration;
			buildSettings = {
				INFOPLIST_FILE = CalculatorUITests/Info.plist;
				LD_RUNPATH_SEARCH_PATHS = "$(inherited) @executable_path/Frameworks @loader_path/Frameworks";
				PRODUCT_BUNDLE_IDENTIFIER = edu.stanford.cs193p.instructor.CalculatorUITests;
				PRODUCT_NAME = "$(TARGET_NAME)";
				TEST_TARGET_NAME = Calculator;
				USES_XCTRUNNER = YES;
			};
			name = Debug;
		};
		3F365A4C1BE9E5890021E98C /* Release */ = {
			isa = XCBuildConfiguration;
			buildSettings = {
				INFOPLIST_FILE = CalculatorUITests/Info.plist;
				LD_RUNPATH_SEARCH_PATHS = "$(inherited) @executable_path/Frameworks @loader_path/Frameworks";
				PRODUCT_BUNDLE_IDENTIFIER = edu.stanford.cs193p.instructor.CalculatorUITests;
				PRODUCT_NAME = "$(TARGET_NAME)";
				TEST_TARGET_NAME = Calculator;
				USES_XCTRUNNER = YES;
			};
			name = Release;
		};
/* End XCBuildConfiguration section */

/* Begin XCConfigurationList section */
		3F365A171BE9E5890021E98C /* Build configuration list for PBXProject "Calculator" */ = {
			isa = XCConfigurationList;
			buildConfigurations = (
				3F365A421BE9E5890021E98C /* Debug */,
				3F365A431BE9E5890021E98C /* Release */,
			);
			defaultConfigurationIsVisible = 0;
			defaultConfigurationName = Release;
		};
		3F365A441BE9E5890021E98C /* Build configuration list for PBXNativeTarget "Calculator" */ = {
			isa = XCConfigurationList;
			buildConfigurations = (
				3F365A451BE9E5890021E98C /* Debug */,
				3F365A461BE9E5890021E98C /* Release */,
			);
			defaultConfigurationIsVisible = 0;
		};
		3F365A471BE9E5890021E98C /* Build configuration list for PBXNativeTarget "CalculatorTests" */ = {
			isa = XCConfigurationList;
			buildConfigurations = (
				3F365A481BE9E5890021E98C /* Debug */,
				3F365A491BE9E5890021E98C /* Release */,
			);
			defaultConfigurationIsVisible = 0;
		};
		3F365A4A1BE9E5890021E98C /* Build configuration list for PBXNativeTarget "CalculatorUITests" */ = {
			isa = XCConfigurationList;
			buildConfigurations = (
				3F365A4B1BE9E5890021E98C /* Debug */,
				3F365A4C1BE9E5890021E98C /* Release */,
			);
			defaultConfigurationIsVisible = 0;
		};
/* End XCConfigurationList section */
	};
	rootObject = 3F365A141BE9E5890021E98C /* Project object */;
}
